
Microsoft Visual Studio Solution File, Format Version 12.00
# Visual Studio Version 17
VisualStudioVersion = 17.10.35004.147
MinimumVisualStudioVersion = 10.0.40219.1
Project("{FAE04EC0-301F-11D3-BF4B-00C04F79EFBC}") = "DelegatesAndEvents", "DelegatesAndEvents.csproj", "{95B5D403-4A5D-4F22-86DE-34245F652FBD}"
EndProject
Global
	GlobalSection(SolutionConfigurationPlatforms) = preSolution
		Debug|Any CPU = Debug|Any CPU
		Release|Any CPU = Release|Any CPU
	EndGlobalSection
	GlobalSection(ProjectConfigurationPlatforms) = postSolution
		{95B5D403-4A5D-4F22-86DE-34245F652FBD}.Debug|Any CPU.ActiveCfg = Debug|Any CPU
		{95B5D403-4A5D-4F22-86DE-34245F652FBD}.Debug|Any CPU.Build.0 = Debug|Any CPU
		{95B5D403-4A5D-4F22-86DE-34245F652FBD}.Release|Any CPU.ActiveCfg = Release|Any CPU
		{95B5D403-4A5D-4F22-86DE-34245F652FBD}.Release|Any CPU.Build.0 = Release|Any CPU
	EndGlobalSection
	GlobalSection(SolutionProperties) = preSolution
		HideSolutionNode = FALSE
	EndGlobalSection
	GlobalSection(ExtensibilityGlobals) = postSolution
		SolutionGuid = {6608366A-540D-421A-B285-82E7993B20D1}
	EndGlobalSection
EndGlobal
